
Microsoft Visual Studio Solution File, Format Version 12.00
# Visual Studio Version 16
VisualStudioVersion = 16.0.31005.135
MinimumVisualStudioVersion = 10.0.40219.1
Project("{FAE04EC0-301F-11D3-BF4B-00C04F79EFBC}") = "Demo Project", "Demo Project\Demo Project.csproj", "{97F1CC3D-BEC1-4878-8A59-3F50BCEDF0AE}"
EndProject
Global
	GlobalSection(SolutionConfigurationPlatforms) = preSolution
		Debug|Any CPU = Debug|Any CPU
		Release|Any CPU = Release|Any CPU
	EndGlobalSection
	GlobalSection(ProjectConfigurationPlatforms) = postSolution
		{97F1CC3D-BEC1-4878-8A59-3F50BCEDF0AE}.Debug|Any CPU.ActiveCfg = Debug|Any CPU
		{97F1CC3D-BEC1-4878-8A59-3F50BCEDF0AE}.Debug|Any CPU.Build.0 = Debug|Any CPU
		{97F1CC3D-BEC1-4878-8A59-3F50BCEDF0AE}.Release|Any CPU.ActiveCfg = Release|Any CPU
		{97F1CC3D-BEC1-4878-8A59-3F50BCEDF0AE}.Release|Any CPU.Build.0 = Release|Any CPU
	EndGlobalSection
	GlobalSection(SolutionProperties) = preSolution
		HideSolutionNode = FALSE
	EndGlobalSection
	GlobalSection(ExtensibilityGlobals) = postSolution
		SolutionGuid = {33D00E13-E9B7-41B6-A525-31D1491B4DFE}
	EndGlobalSection
EndGlobal
